// !$*UTF8*$!
{
	archiveVersion = 1;
	classes = {
	};
	objectVersion = 56;
	objects = {

/* Begin PBXBuildFile section */
		97F462EA29BD4BAC000A770A /* AppetizersApp.swift in Sources */ = {isa = PBXBuildFile; fileRef = 97F462E929BD4BAC000A770A /* AppetizersApp.swift */; };
		97F462EC29BD4BAC000A770A /* AppetizerTabView.swift in Sources */ = {isa = PBXBuildFile; fileRef = 97F462EB29BD4BAC000A770A /* AppetizerTabView.swift */; };
		97F462EE29BD4BAC000A770A /* Assets.xcassets in Resources */ = {isa = PBXBuildFile; fileRef = 97F462ED29BD4BAC000A770A /* Assets.xcassets */; };
		97F462F129BD4BAC000A770A /* Preview Assets.xcassets in Resources */ = {isa = PBXBuildFile; fileRef = 97F462F029BD4BAC000A770A /* Preview Assets.xcassets */; };
		97F462F829BD4C6E000A770A /* AppetizerListView.swift in Sources */ = {isa = PBXBuildFile; fileRef = 97F462F729BD4C6E000A770A /* AppetizerListView.swift */; };
		97F462FA29BD4C7F000A770A /* AccountView.swift in Sources */ = {isa = PBXBuildFile; fileRef = 97F462F929BD4C7F000A770A /* AccountView.swift */; };
		97F462FC29BD4C8D000A770A /* OrderView.swift in Sources */ = {isa = PBXBuildFile; fileRef = 97F462FB29BD4C8D000A770A /* OrderView.swift */; };
		97F462FE29BD51FA000A770A /* Appetizer.swift in Sources */ = {isa = PBXBuildFile; fileRef = 97F462FD29BD51FA000A770A /* Appetizer.swift */; };
		97F4630029BD58A9000A770A /* AppetizerListCell.swift in Sources */ = {isa = PBXBuildFile; fileRef = 97F462FF29BD58A9000A770A /* AppetizerListCell.swift */; };
		97F4630229BD5A72000A770A /* NetworkManager.swift in Sources */ = {isa = PBXBuildFile; fileRef = 97F4630129BD5A72000A770A /* NetworkManager.swift */; };
		97F4630429BD5C85000A770A /* APError.swift in Sources */ = {isa = PBXBuildFile; fileRef = 97F4630329BD5C85000A770A /* APError.swift */; };
		97F4630629BD64B2000A770A /* AppetizerListViewModel.swift in Sources */ = {isa = PBXBuildFile; fileRef = 97F4630529BD64B2000A770A /* AppetizerListViewModel.swift */; };
		97F4630829BD662C000A770A /* Alert.swift in Sources */ = {isa = PBXBuildFile; fileRef = 97F4630729BD662C000A770A /* Alert.swift */; };
		97F4630A29BDE538000A770A /* LoadingView.swift in Sources */ = {isa = PBXBuildFile; fileRef = 97F4630929BDE538000A770A /* LoadingView.swift */; };
		97F4630C29BDE5B2000A770A /* Color+Ext.swift in Sources */ = {isa = PBXBuildFile; fileRef = 97F4630B29BDE5B2000A770A /* Color+Ext.swift */; };
		97F4630E29BDF07C000A770A /* RemoteImage.swift in Sources */ = {isa = PBXBuildFile; fileRef = 97F4630D29BDF07C000A770A /* RemoteImage.swift */; };
		97F4631D29BDFA6E000A770A /* AppetizerDetailView.swift in Sources */ = {isa = PBXBuildFile; fileRef = 97F4631C29BDFA6E000A770A /* AppetizerDetailView.swift */; };
		97F4632229BE1524000A770A /* AccountViewModel.swift in Sources */ = {isa = PBXBuildFile; fileRef = 97F4632129BE1524000A770A /* AccountViewModel.swift */; };
		97F4632429BE191E000A770A /* String+Ext.swift in Sources */ = {isa = PBXBuildFile; fileRef = 97F4632329BE191E000A770A /* String+Ext.swift */; };
		97F4632629BE1DE7000A770A /* User.swift in Sources */ = {isa = PBXBuildFile; fileRef = 97F4632529BE1DE7000A770A /* User.swift */; };
		97F4632929BE2505000A770A /* APButton.swift in Sources */ = {isa = PBXBuildFile; fileRef = 97F4632829BE2505000A770A /* APButton.swift */; };
		97F4632B29BE2717000A770A /* XDismissButton.swift in Sources */ = {isa = PBXBuildFile; fileRef = 97F4632A29BE2717000A770A /* XDismissButton.swift */; };
		97F4632E29BE292A000A770A /* EmptyState.swift in Sources */ = {isa = PBXBuildFile; fileRef = 97F4632D29BE292A000A770A /* EmptyState.swift */; };
		97F4633029BE3153000A770A /* Order.swift in Sources */ = {isa = PBXBuildFile; fileRef = 97F4632F29BE3153000A770A /* Order.swift */; };
		97F4633229BE3E5C000A770A /* Date+Ext.swift in Sources */ = {isa = PBXBuildFile; fileRef = 97F4633129BE3E5C000A770A /* Date+Ext.swift */; };
/* End PBXBuildFile section */

/* Begin PBXFileReference section */
		97F462E629BD4BAC000A770A /* Appetizers.app */ = {isa = PBXFileReference; explicitFileType = wrapper.application; includeInIndex = 0; path = Appetizers.app; sourceTree = BUILT_PRODUCTS_DIR; };
		97F462E929BD4BAC000A770A /* AppetizersApp.swift */ = {isa = PBXFileReference; lastKnownFileType = sourcecode.swift; path = AppetizersApp.swift; sourceTree = "<group>"; };
		97F462EB29BD4BAC000A770A /* AppetizerTabView.swift */ = {isa = PBXFileReference; lastKnownFileType = sourcecode.swift; path = AppetizerTabView.swift; sourceTree = "<group>"; };
		97F462ED29BD4BAC000A770A /* Assets.xcassets */ = {isa = PBXFileReference; lastKnownFileType = folder.assetcatalog; path = Assets.xcassets; sourceTree = "<group>"; };
		97F462F029BD4BAC000A770A /* Preview Assets.xcassets */ = {isa = PBXFileReference; lastKnownFileType = folder.assetcatalog; path = "Preview Assets.xcassets"; sourceTree = "<group>"; };
		97F462F729BD4C6E000A770A /* AppetizerListView.swift */ = {isa = PBXFileReference; lastKnownFileType = sourcecode.swift; path = AppetizerListView.swift; sourceTree = "<group>"; };
		97F462F929BD4C7F000A770A /* AccountView.swift */ = {isa = PBXFileReference; lastKnownFileType = sourcecode.swift; path = AccountView.swift; sourceTree = "<group>"; };
		97F462FB29BD4C8D000A770A /* OrderView.swift */ = {isa = PBXFileReference; lastKnownFileType = sourcecode.swift; path = OrderView.swift; sourceTree = "<group>"; };
		97F462FD29BD51FA000A770A /* Appetizer.swift */ = {isa = PBXFileReference; lastKnownFileType = sourcecode.swift; path = Appetizer.swift; sourceTree = "<group>"; };
		97F462FF29BD58A9000A770A /* AppetizerListCell.swift */ = {isa = PBXFileReference; lastKnownFileType = sourcecode.swift; path = AppetizerListCell.swift; sourceTree = "<group>"; };
		97F4630129BD5A72000A770A /* NetworkManager.swift */ = {isa = PBXFileReference; lastKnownFileType = sourcecode.swift; path = NetworkManager.swift; sourceTree = "<group>"; };
		97F4630329BD5C85000A770A /* APError.swift */ = {isa = PBXFileReference; lastKnownFileType = sourcecode.swift; path = APError.swift; sourceTree = "<group>"; };
		97F4630529BD64B2000A770A /* AppetizerListViewModel.swift */ = {isa = PBXFileReference; lastKnownFileType = sourcecode.swift; path = AppetizerListViewModel.swift; sourceTree = "<group>"; };
		97F4630729BD662C000A770A /* Alert.swift */ = {isa = PBXFileReference; lastKnownFileType = sourcecode.swift; path = Alert.swift; sourceTree = "<group>"; };
		97F4630929BDE538000A770A /* LoadingView.swift */ = {isa = PBXFileReference; lastKnownFileType = sourcecode.swift; path = LoadingView.swift; sourceTree = "<group>"; };
		97F4630B29BDE5B2000A770A /* Color+Ext.swift */ = {isa = PBXFileReference; lastKnownFileType = sourcecode.swift; path = "Color+Ext.swift"; sourceTree = "<group>"; };
		97F4630D29BDF07C000A770A /* RemoteImage.swift */ = {isa = PBXFileReference; lastKnownFileType = sourcecode.swift; path = RemoteImage.swift; sourceTree = "<group>"; };
		97F4631C29BDFA6E000A770A /* AppetizerDetailView.swift */ = {isa = PBXFileReference; lastKnownFileType = sourcecode.swift; path = AppetizerDetailView.swift; sourceTree = "<group>"; };
		97F4632129BE1524000A770A /* AccountViewModel.swift */ = {isa = PBXFileReference; lastKnownFileType = sourcecode.swift; path = AccountViewModel.swift; sourceTree = "<group>"; };
		97F4632329BE191E000A770A /* String+Ext.swift */ = {isa = PBXFileReference; lastKnownFileType = sourcecode.swift; path = "String+Ext.swift"; sourceTree = "<group>"; };
		97F4632529BE1DE7000A770A /* User.swift */ = {isa = PBXFileReference; lastKnownFileType = sourcecode.swift; path = User.swift; sourceTree = "<group>"; };
		97F4632829BE2505000A770A /* APButton.swift */ = {isa = PBXFileReference; lastKnownFileType = sourcecode.swift; path = APButton.swift; sourceTree = "<group>"; };
		97F4632A29BE2717000A770A /* XDismissButton.swift */ = {isa = PBXFileReference; lastKnownFileType = sourcecode.swift; path = XDismissButton.swift; sourceTree = "<group>"; };
		97F4632D29BE292A000A770A /* EmptyState.swift */ = {isa = PBXFileReference; lastKnownFileType = sourcecode.swift; path = EmptyState.swift; sourceTree = "<group>"; };
		97F4632F29BE3153000A770A /* Order.swift */ = {isa = PBXFileReference; lastKnownFileType = sourcecode.swift; path = Order.swift; sourceTree = "<group>"; };
		97F4633129BE3E5C000A770A /* Date+Ext.swift */ = {isa = PBXFileReference; lastKnownFileType = sourcecode.swift; path = "Date+Ext.swift"; sourceTree = "<group>"; };
/* End PBXFileReference section */

/* Begin PBXFrameworksBuildPhase section */
		97F462E329BD4BAC000A770A /* Frameworks */ = {
			isa = PBXFrameworksBuildPhase;
			buildActionMask = 2147483647;
			files = (
			);
			runOnlyForDeploymentPostprocessing = 0;
		};
/* End PBXFrameworksBuildPhase section */

/* Begin PBXGroup section */
		97F462DD29BD4BAC000A770A = {
			isa = PBXGroup;
			children = (
				97F462E829BD4BAC000A770A /* Appetizers */,
				97F462E729BD4BAC000A770A /* Products */,
			);
			sourceTree = "<group>";
		};
		97F462E729BD4BAC000A770A /* Products */ = {
			isa = PBXGroup;
			children = (
				97F462E629BD4BAC000A770A /* Appetizers.app */,
			);
			name = Products;
			sourceTree = "<group>";
		};
		97F462E829BD4BAC000A770A /* Appetizers */ = {
			isa = PBXGroup;
			children = (
				97F4631629BDF8A7000A770A /* Alerts */,
				97F4631729BDF8DE000A770A /* Model */,
				97F4631829BDF907000A770A /* Views */,
				97F4630F29BDF7CF000A770A /* Screens */,
				97F4631329BDF856000A770A /* Utilities */,
				97F462E929BD4BAC000A770A /* AppetizersApp.swift */,
				97F462ED29BD4BAC000A770A /* Assets.xcassets */,
				97F462EF29BD4BAC000A770A /* Preview Content */,
			);
			path = Appetizers;
			sourceTree = "<group>";
		};
		97F462EF29BD4BAC000A770A /* Preview Content */ = {
			isa = PBXGroup;
			children = (
				97F462F029BD4BAC000A770A /* Preview Assets.xcassets */,
			);
			path = "Preview Content";
			sourceTree = "<group>";
		};
		97F4630F29BDF7CF000A770A /* Screens */ = {
			isa = PBXGroup;
			children = (
				97F462EB29BD4BAC000A770A /* AppetizerTabView.swift */,
				97F4631029BDF7DC000A770A /* AppetizerListView */,
				97F4631129BDF7EB000A770A /* AccountView */,
				97F4631229BDF7FA000A770A /* OrderView */,
			);
			path = Screens;
			sourceTree = "<group>";
		};
		97F4631029BDF7DC000A770A /* AppetizerListView */ = {
			isa = PBXGroup;
			children = (
				97F4630529BD64B2000A770A /* AppetizerListViewModel.swift */,
				97F462F729BD4C6E000A770A /* AppetizerListView.swift */,
				97F4631C29BDFA6E000A770A /* AppetizerDetailView.swift */,
			);
			path = AppetizerListView;
			sourceTree = "<group>";
		};
		97F4631129BDF7EB000A770A /* AccountView */ = {
			isa = PBXGroup;
			children = (
				97F4632129BE1524000A770A /* AccountViewModel.swift */,
				97F462F929BD4C7F000A770A /* AccountView.swift */,
			);
			path = AccountView;
			sourceTree = "<group>";
		};
		97F4631229BDF7FA000A770A /* OrderView */ = {
			isa = PBXGroup;
			children = (
				97F462FB29BD4C8D000A770A /* OrderView.swift */,
			);
			path = OrderView;
			sourceTree = "<group>";
		};
		97F4631329BDF856000A770A /* Utilities */ = {
			isa = PBXGroup;
			children = (
				97F4631529BDF872000A770A /* Extensions */,
				97F4631429BDF860000A770A /* Managers */,
			);
			path = Utilities;
			sourceTree = "<group>";
		};
		97F4631429BDF860000A770A /* Managers */ = {
			isa = PBXGroup;
			children = (
				97F4630129BD5A72000A770A /* NetworkManager.swift */,
			);
			path = Managers;
			sourceTree = "<group>";
		};
		97F4631529BDF872000A770A /* Extensions */ = {
			isa = PBXGroup;
			children = (
				97F4630B29BDE5B2000A770A /* Color+Ext.swift */,
				97F4632329BE191E000A770A /* String+Ext.swift */,
				97F4633129BE3E5C000A770A /* Date+Ext.swift */,
			);
			path = Extensions;
			sourceTree = "<group>";
		};
		97F4631629BDF8A7000A770A /* Alerts */ = {
			isa = PBXGroup;
			children = (
				97F4630329BD5C85000A770A /* APError.swift */,
				97F4630729BD662C000A770A /* Alert.swift */,
			);
			path = Alerts;
			sourceTree = "<group>";
		};
		97F4631729BDF8DE000A770A /* Model */ = {
			isa = PBXGroup;
			children = (
				97F462FD29BD51FA000A770A /* Appetizer.swift */,
				97F4632F29BE3153000A770A /* Order.swift */,
				97F4632529BE1DE7000A770A /* User.swift */,
			);
			path = Model;
			sourceTree = "<group>";
		};
		97F4631829BDF907000A770A /* Views */ = {
			isa = PBXGroup;
			children = (
				97F4632729BE24F6000A770A /* Buttons */,
				97F4631A29BDF929000A770A /* Cells */,
				97F4632C29BE2907000A770A /* Empty States */,
				97F4631929BDF923000A770A /* Image */,
				97F4631B29BDF932000A770A /* UIKit */,
			);
			path = Views;
			sourceTree = "<group>";
		};
		97F4631929BDF923000A770A /* Image */ = {
			isa = PBXGroup;
			children = (
				97F4630D29BDF07C000A770A /* RemoteImage.swift */,
			);
			path = Image;
			sourceTree = "<group>";
		};
		97F4631A29BDF929000A770A /* Cells */ = {
			isa = PBXGroup;
			children = (
				97F462FF29BD58A9000A770A /* AppetizerListCell.swift */,
			);
			path = Cells;
			sourceTree = "<group>";
		};
		97F4631B29BDF932000A770A /* UIKit */ = {
			isa = PBXGroup;
			children = (
				97F4630929BDE538000A770A /* LoadingView.swift */,
			);
			path = UIKit;
			sourceTree = "<group>";
		};
		97F4632729BE24F6000A770A /* Buttons */ = {
			isa = PBXGroup;
			children = (
				97F4632829BE2505000A770A /* APButton.swift */,
				97F4632A29BE2717000A770A /* XDismissButton.swift */,
			);
			path = Buttons;
			sourceTree = "<group>";
		};
		97F4632C29BE2907000A770A /* Empty States */ = {
			isa = PBXGroup;
			children = (
				97F4632D29BE292A000A770A /* EmptyState.swift */,
			);
			path = "Empty States";
			sourceTree = "<group>";
		};
/* End PBXGroup section */

/* Begin PBXNativeTarget section */
		97F462E529BD4BAC000A770A /* Appetizers */ = {
			isa = PBXNativeTarget;
			buildConfigurationList = 97F462F429BD4BAC000A770A /* Build configuration list for PBXNativeTarget "Appetizers" */;
			buildPhases = (
				97F462E229BD4BAC000A770A /* Sources */,
				97F462E329BD4BAC000A770A /* Frameworks */,
				97F462E429BD4BAC000A770A /* Resources */,
			);
			buildRules = (
			);
			dependencies = (
			);
			name = Appetizers;
			productName = Appetizers;
			productReference = 97F462E629BD4BAC000A770A /* Appetizers.app */;
			productType = "com.apple.product-type.application";
		};
/* End PBXNativeTarget section */

/* Begin PBXProject section */
		97F462DE29BD4BAC000A770A /* Project object */ = {
			isa = PBXProject;
			attributes = {
				BuildIndependentTargetsInParallel = 1;
				LastSwiftUpdateCheck = 1420;
				LastUpgradeCheck = 1420;
				TargetAttributes = {
					97F462E529BD4BAC000A770A = {
						CreatedOnToolsVersion = 14.2;
					};
				};
			};
			buildConfigurationList = 97F462E129BD4BAC000A770A /* Build configuration list for PBXProject "Appetizers" */;
			compatibilityVersion = "Xcode 14.0";
			developmentRegion = en;
			hasScannedForEncodings = 0;
			knownRegions = (
				en,
				Base,
			);
			mainGroup = 97F462DD29BD4BAC000A770A;
			productRefGroup = 97F462E729BD4BAC000A770A /* Products */;
			projectDirPath = "";
			projectRoot = "";
			targets = (
				97F462E529BD4BAC000A770A /* Appetizers */,
			);
		};
/* End PBXProject section */

/* Begin PBXResourcesBuildPhase section */
		97F462E429BD4BAC000A770A /* Resources */ = {
			isa = PBXResourcesBuildPhase;
			buildActionMask = 2147483647;
			files = (
				97F462F129BD4BAC000A770A /* Preview Assets.xcassets in Resources */,
				97F462EE29BD4BAC000A770A /* Assets.xcassets in Resources */,
			);
			runOnlyForDeploymentPostprocessing = 0;
		};
/* End PBXResourcesBuildPhase section */

/* Begin PBXSourcesBuildPhase section */
		97F462E229BD4BAC000A770A /* Sources */ = {
			isa = PBXSourcesBuildPhase;
			buildActionMask = 2147483647;
			files = (
				97F462FE29BD51FA000A770A /* Appetizer.swift in Sources */,
				97F4630429BD5C85000A770A /* APError.swift in Sources */,
				97F4630029BD58A9000A770A /* AppetizerListCell.swift in Sources */,
				97F4632429BE191E000A770A /* String+Ext.swift in Sources */,
				97F4633229BE3E5C000A770A /* Date+Ext.swift in Sources */,
				97F4633029BE3153000A770A /* Order.swift in Sources */,
				97F4630629BD64B2000A770A /* AppetizerListViewModel.swift in Sources */,
				97F4630C29BDE5B2000A770A /* Color+Ext.swift in Sources */,
				97F462FA29BD4C7F000A770A /* AccountView.swift in Sources */,
				97F4630A29BDE538000A770A /* LoadingView.swift in Sources */,
				97F462EC29BD4BAC000A770A /* AppetizerTabView.swift in Sources */,
				97F4630229BD5A72000A770A /* NetworkManager.swift in Sources */,
				97F4630E29BDF07C000A770A /* RemoteImage.swift in Sources */,
				97F4632229BE1524000A770A /* AccountViewModel.swift in Sources */,
				97F4631D29BDFA6E000A770A /* AppetizerDetailView.swift in Sources */,
				97F462EA29BD4BAC000A770A /* AppetizersApp.swift in Sources */,
				97F4632629BE1DE7000A770A /* User.swift in Sources */,
				97F4632E29BE292A000A770A /* EmptyState.swift in Sources */,
				97F4632929BE2505000A770A /* APButton.swift in Sources */,
				97F4630829BD662C000A770A /* Alert.swift in Sources */,
				97F462F829BD4C6E000A770A /* AppetizerListView.swift in Sources */,
				97F462FC29BD4C8D000A770A /* OrderView.swift in Sources */,
				97F4632B29BE2717000A770A /* XDismissButton.swift in Sources */,
			);
			runOnlyForDeploymentPostprocessing = 0;
		};
/* End PBXSourcesBuildPhase section */

/* Begin XCBuildConfiguration section */
		97F462F229BD4BAC000A770A /* Debug */ = {
			isa = XCBuildConfiguration;
			buildSettings = {
				ALWAYS_SEARCH_USER_PATHS = NO;
				CLANG_ANALYZER_NONNULL = YES;
				CLANG_ANALYZER_NUMBER_OBJECT_CONVERSION = YES_AGGRESSIVE;
				CLANG_CXX_LANGUAGE_STANDARD = "gnu++20";
				CLANG_ENABLE_MODULES = YES;
				CLANG_ENABLE_OBJC_ARC = YES;
				CLANG_ENABLE_OBJC_WEAK = YES;
				CLANG_WARN_BLOCK_CAPTURE_AUTORELEASING = YES;
				CLANG_WARN_BOOL_CONVERSION = YES;
				CLANG_WARN_COMMA = YES;
				CLANG_WARN_CONSTANT_CONVERSION = YES;
				CLANG_WARN_DEPRECATED_OBJC_IMPLEMENTATIONS = YES;
				CLANG_WARN_DIRECT_OBJC_ISA_USAGE = YES_ERROR;
				CLANG_WARN_DOCUMENTATION_COMMENTS = YES;
				CLANG_WARN_EMPTY_BODY = YES;
				CLANG_WARN_ENUM_CONVERSION = YES;
				CLANG_WARN_INFINITE_RECURSION = YES;
				CLANG_WARN_INT_CONVERSION = YES;
				CLANG_WARN_NON_LITERAL_NULL_CONVERSION = YES;
				CLANG_WARN_OBJC_IMPLICIT_RETAIN_SELF = YES;
				CLANG_WARN_OBJC_LITERAL_CONVERSION = YES;
				CLANG_WARN_OBJC_ROOT_CLASS = YES_ERROR;
				CLANG_WARN_QUOTED_INCLUDE_IN_FRAMEWORK_HEADER = YES;
				CLANG_WARN_RANGE_LOOP_ANALYSIS = YES;
				CLANG_WARN_STRICT_PROTOTYPES = YES;
				CLANG_WARN_SUSPICIOUS_MOVE = YES;
				CLANG_WARN_UNGUARDED_AVAILABILITY = YES_AGGRESSIVE;
				CLANG_WARN_UNREACHABLE_CODE = YES;
				CLANG_WARN__DUPLICATE_METHOD_MATCH = YES;
				COPY_PHASE_STRIP = NO;
				DEBUG_INFORMATION_FORMAT = dwarf;
				ENABLE_STRICT_OBJC_MSGSEND = YES;
				ENABLE_TESTABILITY = YES;
				GCC_C_LANGUAGE_STANDARD = gnu11;
				GCC_DYNAMIC_NO_PIC = NO;
				GCC_NO_COMMON_BLOCKS = YES;
				GCC_OPTIMIZATION_LEVEL = 0;
				GCC_PREPROCESSOR_DEFINITIONS = (
					"DEBUG=1",
					"$(inherited)",
				);
				GCC_WARN_64_TO_32_BIT_CONVERSION = YES;
				GCC_WARN_ABOUT_RETURN_TYPE = YES_ERROR;
				GCC_WARN_UNDECLARED_SELECTOR = YES;
				GCC_WARN_UNINITIALIZED_AUTOS = YES_AGGRESSIVE;
				GCC_WARN_UNUSED_FUNCTION = YES;
				GCC_WARN_UNUSED_VARIABLE = YES;
				IPHONEOS_DEPLOYMENT_TARGET = 16.2;
				MTL_ENABLE_DEBUG_INFO = INCLUDE_SOURCE;
				MTL_FAST_MATH = YES;
				ONLY_ACTIVE_ARCH = YES;
				SDKROOT = iphoneos;
				SWIFT_ACTIVE_COMPILATION_CONDITIONS = DEBUG;
				SWIFT_OPTIMIZATION_LEVEL = "-Onone";
			};
			name = Debug;
		};
		97F462F329BD4BAC000A770A /* Release */ = {
			isa = XCBuildConfiguration;
			buildSettings = {
				ALWAYS_SEARCH_USER_PATHS = NO;
				CLANG_ANALYZER_NONNULL = YES;
				CLANG_ANALYZER_NUMBER_OBJECT_CONVERSION = YES_AGGRESSIVE;
				CLANG_CXX_LANGUAGE_STANDARD = "gnu++20";
				CLANG_ENABLE_MODULES = YES;
				CLANG_ENABLE_OBJC_ARC = YES;
				CLANG_ENABLE_OBJC_WEAK = YES;
				CLANG_WARN_BLOCK_CAPTURE_AUTORELEASING = YES;
				CLANG_WARN_BOOL_CONVERSION = YES;
				CLANG_WARN_COMMA = YES;
				CLANG_WARN_CONSTANT_CONVERSION = YES;
				CLANG_WARN_DEPRECATED_OBJC_IMPLEMENTATIONS = YES;
				CLANG_WARN_DIRECT_OBJC_ISA_USAGE = YES_ERROR;
				CLANG_WARN_DOCUMENTATION_COMMENTS = YES;
				CLANG_WARN_EMPTY_BODY = YES;
				CLANG_WARN_ENUM_CONVERSION = YES;
				CLANG_WARN_INFINITE_RECURSION = YES;
				CLANG_WARN_INT_CONVERSION = YES;
				CLANG_WARN_NON_LITERAL_NULL_CONVERSION = YES;
				CLANG_WARN_OBJC_IMPLICIT_RETAIN_SELF = YES;
				CLANG_WARN_OBJC_LITERAL_CONVERSION = YES;
				CLANG_WARN_OBJC_ROOT_CLASS = YES_ERROR;
				CLANG_WARN_QUOTED_INCLUDE_IN_FRAMEWORK_HEADER = YES;
				CLANG_WARN_RANGE_LOOP_ANALYSIS = YES;
				CLANG_WARN_STRICT_PROTOTYPES = YES;
				CLANG_WARN_SUSPICIOUS_MOVE = YES;
				CLANG_WARN_UNGUARDED_AVAILABILITY = YES_AGGRESSIVE;
				CLANG_WARN_UNREACHABLE_CODE = YES;
				CLANG_WARN__DUPLICATE_METHOD_MATCH = YES;
				COPY_PHASE_STRIP = NO;
				DEBUG_INFORMATION_FORMAT = "dwarf-with-dsym";
				ENABLE_NS_ASSERTIONS = NO;
				ENABLE_STRICT_OBJC_MSGSEND = YES;
				GCC_C_LANGUAGE_STANDARD = gnu11;
				GCC_NO_COMMON_BLOCKS = YES;
				GCC_WARN_64_TO_32_BIT_CONVERSION = YES;
				GCC_WARN_ABOUT_RETURN_TYPE = YES_ERROR;
				GCC_WARN_UNDECLARED_SELECTOR = YES;
				GCC_WARN_UNINITIALIZED_AUTOS = YES_AGGRESSIVE;
				GCC_WARN_UNUSED_FUNCTION = YES;
				GCC_WARN_UNUSED_VARIABLE = YES;
				IPHONEOS_DEPLOYMENT_TARGET = 16.2;
				MTL_ENABLE_DEBUG_INFO = NO;
				MTL_FAST_MATH = YES;
				SDKROOT = iphoneos;
				SWIFT_COMPILATION_MODE = wholemodule;
				SWIFT_OPTIMIZATION_LEVEL = "-O";
				VALIDATE_PRODUCT = YES;
			};
			name = Release;
		};
		97F462F529BD4BAC000A770A /* Debug */ = {
			isa = XCBuildConfiguration;
			buildSettings = {
				ASSETCATALOG_COMPILER_APPICON_NAME = AppIcon;
				ASSETCATALOG_COMPILER_GLOBAL_ACCENT_COLOR_NAME = AccentColor;
				CODE_SIGN_STYLE = Automatic;
				CURRENT_PROJECT_VERSION = 1;
				DEVELOPMENT_ASSET_PATHS = "\"Appetizers/Preview Content\"";
				DEVELOPMENT_TEAM = CAWU778PAQ;
				ENABLE_PREVIEWS = YES;
				GENERATE_INFOPLIST_FILE = YES;
				INFOPLIST_KEY_UIApplicationSceneManifest_Generation = YES;
				INFOPLIST_KEY_UIApplicationSupportsIndirectInputEvents = YES;
				INFOPLIST_KEY_UILaunchScreen_Generation = YES;
				INFOPLIST_KEY_UISupportedInterfaceOrientations_iPad = "UIInterfaceOrientationPortrait UIInterfaceOrientationPortraitUpsideDown UIInterfaceOrientationLandscapeLeft UIInterfaceOrientationLandscapeRight";
				INFOPLIST_KEY_UISupportedInterfaceOrientations_iPhone = "UIInterfaceOrientationPortrait UIInterfaceOrientationLandscapeLeft UIInterfaceOrientationLandscapeRight";
				LD_RUNPATH_SEARCH_PATHS = (
					"$(inherited)",
					"@executable_path/Frameworks",
				);
				MARKETING_VERSION = 1.0;
				PRODUCT_BUNDLE_IDENTIFIER = com.zkzwk.Appetizers;
				PRODUCT_NAME = "$(TARGET_NAME)";
				SWIFT_EMIT_LOC_STRINGS = YES;
				SWIFT_VERSION = 5.0;
				TARGETED_DEVICE_FAMILY = "1,2";
			};
			name = Debug;
		};
		97F462F629BD4BAC000A770A /* Release */ = {
			isa = XCBuildConfiguration;
			buildSettings = {
				ASSETCATALOG_COMPILER_APPICON_NAME = AppIcon;
				ASSETCATALOG_COMPILER_GLOBAL_ACCENT_COLOR_NAME = AccentColor;
				CODE_SIGN_STYLE = Automatic;
				CURRENT_PROJECT_VERSION = 1;
				DEVELOPMENT_ASSET_PATHS = "\"Appetizers/Preview Content\"";
				DEVELOPMENT_TEAM = CAWU778PAQ;
				ENABLE_PREVIEWS = YES;
				GENERATE_INFOPLIST_FILE = YES;
				INFOPLIST_KEY_UIApplicationSceneManifest_Generation = YES;
				INFOPLIST_KEY_UIApplicationSupportsIndirectInputEvents = YES;
				INFOPLIST_KEY_UILaunchScreen_Generation = YES;
				INFOPLIST_KEY_UISupportedInterfaceOrientations_iPad = "UIInterfaceOrientationPortrait UIInterfaceOrientationPortraitUpsideDown UIInterfaceOrientationLandscapeLeft UIInterfaceOrientationLandscapeRight";
				INFOPLIST_KEY_UISupportedInterfaceOrientations_iPhone = "UIInterfaceOrientationPortrait UIInterfaceOrientationLandscapeLeft UIInterfaceOrientationLandscapeRight";
				LD_RUNPATH_SEARCH_PATHS = (
					"$(inherited)",
					"@executable_path/Frameworks",
				);
				MARKETING_VERSION = 1.0;
				PRODUCT_BUNDLE_IDENTIFIER = com.zkzwk.Appetizers;
				PRODUCT_NAME = "$(TARGET_NAME)";
				SWIFT_EMIT_LOC_STRINGS = YES;
				SWIFT_VERSION = 5.0;
				TARGETED_DEVICE_FAMILY = "1,2";
			};
			name = Release;
		};
/* End XCBuildConfiguration section */

/* Begin XCConfigurationList section */
		97F462E129BD4BAC000A770A /* Build configuration list for PBXProject "Appetizers" */ = {
			isa = XCConfigurationList;
			buildConfigurations = (
				97F462F229BD4BAC000A770A /* Debug */,
				97F462F329BD4BAC000A770A /* Release */,
			);
			defaultConfigurationIsVisible = 0;
			defaultConfigurationName = Release;
		};
		97F462F429BD4BAC000A770A /* Build configuration list for PBXNativeTarget "Appetizers" */ = {
			isa = XCConfigurationList;
			buildConfigurations = (
				97F462F529BD4BAC000A770A /* Debug */,
				97F462F629BD4BAC000A770A /* Release */,
			);
			defaultConfigurationIsVisible = 0;
			defaultConfigurationName = Release;
		};
/* End XCConfigurationList section */
	};
	rootObject = 97F462DE29BD4BAC000A770A /* Project object */;
}
